// !$*UTF8*$!
{
	archiveVersion = 1;
	classes = {
	};
	objectVersion = 56;
	objects = {

/* Begin PBXBuildFile section */
		C0A554F62C61CA5D00C8FA17 /* SwiftDataExplorationApp.swift in Sources */ = {isa = PBXBuildFile; fileRef = C0A554F52C61CA5D00C8FA17 /* SwiftDataExplorationApp.swift */; };
		C0A554F82C61CA5D00C8FA17 /* ContentView.swift in Sources */ = {isa = PBXBuildFile; fileRef = C0A554F72C61CA5D00C8FA17 /* ContentView.swift */; };
		C0A554FA2C61CA5E00C8FA17 /* Assets.xcassets in Resources */ = {isa = PBXBuildFile; fileRef = C0A554F92C61CA5E00C8FA17 /* Assets.xcassets */; };
		C0A554FD2C61CA5E00C8FA17 /* Preview Assets.xcassets in Resources */ = {isa = PBXBuildFile; fileRef = C0A554FC2C61CA5E00C8FA17 /* Preview Assets.xcassets */; };
		C0A555072C61CA5E00C8FA17 /* SwiftDataExplorationTests.swift in Sources */ = {isa = PBXBuildFile; fileRef = C0A555062C61CA5E00C8FA17 /* SwiftDataExplorationTests.swift */; };
		C0A555112C61CA5E00C8FA17 /* SwiftDataExplorationUITests.swift in Sources */ = {isa = PBXBuildFile; fileRef = C0A555102C61CA5E00C8FA17 /* SwiftDataExplorationUITests.swift */; };
		C0A555132C61CA5E00C8FA17 /* SwiftDataExplorationUITestsLaunchTests.swift in Sources */ = {isa = PBXBuildFile; fileRef = C0A555122C61CA5E00C8FA17 /* SwiftDataExplorationUITestsLaunchTests.swift */; };
		C0A555202C61CA9E00C8FA17 /* ContentViewModel.swift in Sources */ = {isa = PBXBuildFile; fileRef = C0A5551F2C61CA9E00C8FA17 /* ContentViewModel.swift */; };
		C0A555232C61CB5800C8FA17 /* Model1.swift in Sources */ = {isa = PBXBuildFile; fileRef = C0A555222C61CB5800C8FA17 /* Model1.swift */; };
		C0A555252C61CBAD00C8FA17 /* Model2.swift in Sources */ = {isa = PBXBuildFile; fileRef = C0A555242C61CBAD00C8FA17 /* Model2.swift */; };
/* End PBXBuildFile section */

/* Begin PBXContainerItemProxy section */
		C0A555032C61CA5E00C8FA17 /* PBXContainerItemProxy */ = {
			isa = PBXContainerItemProxy;
			containerPortal = C0A554EA2C61CA5D00C8FA17 /* Project object */;
			proxyType = 1;
			remoteGlobalIDString = C0A554F12C61CA5D00C8FA17;
			remoteInfo = SwiftDataExploration;
		};
		C0A5550D2C61CA5E00C8FA17 /* PBXContainerItemProxy */ = {
			isa = PBXContainerItemProxy;
			containerPortal = C0A554EA2C61CA5D00C8FA17 /* Project object */;
			proxyType = 1;
			remoteGlobalIDString = C0A554F12C61CA5D00C8FA17;
			remoteInfo = SwiftDataExploration;
		};
/* End PBXContainerItemProxy section */

/* Begin PBXFileReference section */
		C0A554F22C61CA5D00C8FA17 /* SwiftDataExploration.app */ = {isa = PBXFileReference; explicitFileType = wrapper.application; includeInIndex = 0; path = SwiftDataExploration.app; sourceTree = BUILT_PRODUCTS_DIR; };
		C0A554F52C61CA5D00C8FA17 /* SwiftDataExplorationApp.swift */ = {isa = PBXFileReference; lastKnownFileType = sourcecode.swift; path = SwiftDataExplorationApp.swift; sourceTree = "<group>"; };
		C0A554F72C61CA5D00C8FA17 /* ContentView.swift */ = {isa = PBXFileReference; lastKnownFileType = sourcecode.swift; path = ContentView.swift; sourceTree = "<group>"; };
		C0A554F92C61CA5E00C8FA17 /* Assets.xcassets */ = {isa = PBXFileReference; lastKnownFileType = folder.assetcatalog; path = Assets.xcassets; sourceTree = "<group>"; };
		C0A554FC2C61CA5E00C8FA17 /* Preview Assets.xcassets */ = {isa = PBXFileReference; lastKnownFileType = folder.assetcatalog; path = "Preview Assets.xcassets"; sourceTree = "<group>"; };
		C0A555022C61CA5E00C8FA17 /* SwiftDataExplorationTests.xctest */ = {isa = PBXFileReference; explicitFileType = wrapper.cfbundle; includeInIndex = 0; path = SwiftDataExplorationTests.xctest; sourceTree = BUILT_PRODUCTS_DIR; };
		C0A555062C61CA5E00C8FA17 /* SwiftDataExplorationTests.swift */ = {isa = PBXFileReference; lastKnownFileType = sourcecode.swift; path = SwiftDataExplorationTests.swift; sourceTree = "<group>"; };
		C0A5550C2C61CA5E00C8FA17 /* SwiftDataExplorationUITests.xctest */ = {isa = PBXFileReference; explicitFileType = wrapper.cfbundle; includeInIndex = 0; path = SwiftDataExplorationUITests.xctest; sourceTree = BUILT_PRODUCTS_DIR; };
		C0A555102C61CA5E00C8FA17 /* SwiftDataExplorationUITests.swift */ = {isa = PBXFileReference; lastKnownFileType = sourcecode.swift; path = SwiftDataExplorationUITests.swift; sourceTree = "<group>"; };
		C0A555122C61CA5E00C8FA17 /* SwiftDataExplorationUITestsLaunchTests.swift */ = {isa = PBXFileReference; lastKnownFileType = sourcecode.swift; path = SwiftDataExplorationUITestsLaunchTests.swift; sourceTree = "<group>"; };
		C0A5551F2C61CA9E00C8FA17 /* ContentViewModel.swift */ = {isa = PBXFileReference; lastKnownFileType = sourcecode.swift; path = ContentViewModel.swift; sourceTree = "<group>"; };
		C0A555222C61CB5800C8FA17 /* Model1.swift */ = {isa = PBXFileReference; lastKnownFileType = sourcecode.swift; path = Model1.swift; sourceTree = "<group>"; };
		C0A555242C61CBAD00C8FA17 /* Model2.swift */ = {isa = PBXFileReference; lastKnownFileType = sourcecode.swift; path = Model2.swift; sourceTree = "<group>"; };
/* End PBXFileReference section */

/* Begin PBXFrameworksBuildPhase section */
		C0A554EF2C61CA5D00C8FA17 /* Frameworks */ = {
			isa = PBXFrameworksBuildPhase;
			buildActionMask = 2147483647;
			files = (
			);
			runOnlyForDeploymentPostprocessing = 0;
		};
		C0A554FF2C61CA5E00C8FA17 /* Frameworks */ = {
			isa = PBXFrameworksBuildPhase;
			buildActionMask = 2147483647;
			files = (
			);
			runOnlyForDeploymentPostprocessing = 0;
		};
		C0A555092C61CA5E00C8FA17 /* Frameworks */ = {
			isa = PBXFrameworksBuildPhase;
			buildActionMask = 2147483647;
			files = (
			);
			runOnlyForDeploymentPostprocessing = 0;
		};
/* End PBXFrameworksBuildPhase section */

/* Begin PBXGroup section */
		C0A554E92C61CA5D00C8FA17 = {
			isa = PBXGroup;
			children = (
				C0A554F42C61CA5D00C8FA17 /* SwiftDataExploration */,
				C0A555052C61CA5E00C8FA17 /* SwiftDataExplorationTests */,
				C0A5550F2C61CA5E00C8FA17 /* SwiftDataExplorationUITests */,
				C0A554F32C61CA5D00C8FA17 /* Products */,
			);
			sourceTree = "<group>";
		};
		C0A554F32C61CA5D00C8FA17 /* Products */ = {
			isa = PBXGroup;
			children = (
				C0A554F22C61CA5D00C8FA17 /* SwiftDataExploration.app */,
				C0A555022C61CA5E00C8FA17 /* SwiftDataExplorationTests.xctest */,
				C0A5550C2C61CA5E00C8FA17 /* SwiftDataExplorationUITests.xctest */,
			);
			name = Products;
			sourceTree = "<group>";
		};
		C0A554F42C61CA5D00C8FA17 /* SwiftDataExploration */ = {
			isa = PBXGroup;
			children = (
				C0A555212C61CB4500C8FA17 /* Model */,
				C0A554F52C61CA5D00C8FA17 /* SwiftDataExplorationApp.swift */,
				C0A5551F2C61CA9E00C8FA17 /* ContentViewModel.swift */,
				C0A554F72C61CA5D00C8FA17 /* ContentView.swift */,
				C0A554F92C61CA5E00C8FA17 /* Assets.xcassets */,
				C0A554FB2C61CA5E00C8FA17 /* Preview Content */,
			);
			path = SwiftDataExploration;
			sourceTree = "<group>";
		};
		C0A554FB2C61CA5E00C8FA17 /* Preview Content */ = {
			isa = PBXGroup;
			children = (
				C0A554FC2C61CA5E00C8FA17 /* Preview Assets.xcassets */,
			);
			path = "Preview Content";
			sourceTree = "<group>";
		};
		C0A555052C61CA5E00C8FA17 /* SwiftDataExplorationTests */ = {
			isa = PBXGroup;
			children = (
				C0A555062C61CA5E00C8FA17 /* SwiftDataExplorationTests.swift */,
			);
			path = SwiftDataExplorationTests;
			sourceTree = "<group>";
		};
		C0A5550F2C61CA5E00C8FA17 /* SwiftDataExplorationUITests */ = {
			isa = PBXGroup;
			children = (
				C0A555102C61CA5E00C8FA17 /* SwiftDataExplorationUITests.swift */,
				C0A555122C61CA5E00C8FA17 /* SwiftDataExplorationUITestsLaunchTests.swift */,
			);
			path = SwiftDataExplorationUITests;
			sourceTree = "<group>";
		};
		C0A555212C61CB4500C8FA17 /* Model */ = {
			isa = PBXGroup;
			children = (
				C0A555222C61CB5800C8FA17 /* Model1.swift */,
				C0A555242C61CBAD00C8FA17 /* Model2.swift */,
			);
			path = Model;
			sourceTree = "<group>";
		};
/* End PBXGroup section */

/* Begin PBXNativeTarget section */
		C0A554F12C61CA5D00C8FA17 /* SwiftDataExploration */ = {
			isa = PBXNativeTarget;
			buildConfigurationList = C0A555162C61CA5E00C8FA17 /* Build configuration list for PBXNativeTarget "SwiftDataExploration" */;
			buildPhases = (
				C0A554EE2C61CA5D00C8FA17 /* Sources */,
				C0A554EF2C61CA5D00C8FA17 /* Frameworks */,
				C0A554F02C61CA5D00C8FA17 /* Resources */,
			);
			buildRules = (
			);
			dependencies = (
			);
			name = SwiftDataExploration;
			productName = SwiftDataExploration;
			productReference = C0A554F22C61CA5D00C8FA17 /* SwiftDataExploration.app */;
			productType = "com.apple.product-type.application";
		};
		C0A555012C61CA5E00C8FA17 /* SwiftDataExplorationTests */ = {
			isa = PBXNativeTarget;
			buildConfigurationList = C0A555192C61CA5E00C8FA17 /* Build configuration list for PBXNativeTarget "SwiftDataExplorationTests" */;
			buildPhases = (
				C0A554FE2C61CA5E00C8FA17 /* Sources */,
				C0A554FF2C61CA5E00C8FA17 /* Frameworks */,
				C0A555002C61CA5E00C8FA17 /* Resources */,
			);
			buildRules = (
			);
			dependencies = (
				C0A555042C61CA5E00C8FA17 /* PBXTargetDependency */,
			);
			name = SwiftDataExplorationTests;
			productName = SwiftDataExplorationTests;
			productReference = C0A555022C61CA5E00C8FA17 /* SwiftDataExplorationTests.xctest */;
			productType = "com.apple.product-type.bundle.unit-test";
		};
		C0A5550B2C61CA5E00C8FA17 /* SwiftDataExplorationUITests */ = {
			isa = PBXNativeTarget;
			buildConfigurationList = C0A5551C2C61CA5E00C8FA17 /* Build configuration list for PBXNativeTarget "SwiftDataExplorationUITests" */;
			buildPhases = (
				C0A555082C61CA5E00C8FA17 /* Sources */,
				C0A555092C61CA5E00C8FA17 /* Frameworks */,
				C0A5550A2C61CA5E00C8FA17 /* Resources */,
			);
			buildRules = (
			);
			dependencies = (
				C0A5550E2C61CA5E00C8FA17 /* PBXTargetDependency */,
			);
			name = SwiftDataExplorationUITests;
			productName = SwiftDataExplorationUITests;
			productReference = C0A5550C2C61CA5E00C8FA17 /* SwiftDataExplorationUITests.xctest */;
			productType = "com.apple.product-type.bundle.ui-testing";
		};
/* End PBXNativeTarget section */

/* Begin PBXProject section */
		C0A554EA2C61CA5D00C8FA17 /* Project object */ = {
			isa = PBXProject;
			attributes = {
				BuildIndependentTargetsInParallel = 1;
				LastSwiftUpdateCheck = 1540;
				LastUpgradeCheck = 1540;
				TargetAttributes = {
					C0A554F12C61CA5D00C8FA17 = {
						CreatedOnToolsVersion = 15.4;
					};
					C0A555012C61CA5E00C8FA17 = {
						CreatedOnToolsVersion = 15.4;
						TestTargetID = C0A554F12C61CA5D00C8FA17;
					};
					C0A5550B2C61CA5E00C8FA17 = {
						CreatedOnToolsVersion = 15.4;
						TestTargetID = C0A554F12C61CA5D00C8FA17;
					};
				};
			};
			buildConfigurationList = C0A554ED2C61CA5D00C8FA17 /* Build configuration list for PBXProject "SwiftDataExploration" */;
			compatibilityVersion = "Xcode 14.0";
			developmentRegion = en;
			hasScannedForEncodings = 0;
			knownRegions = (
				en,
				Base,
			);
			mainGroup = C0A554E92C61CA5D00C8FA17;
			productRefGroup = C0A554F32C61CA5D00C8FA17 /* Products */;
			projectDirPath = "";
			projectRoot = "";
			targets = (
				C0A554F12C61CA5D00C8FA17 /* SwiftDataExploration */,
				C0A555012C61CA5E00C8FA17 /* SwiftDataExplorationTests */,
				C0A5550B2C61CA5E00C8FA17 /* SwiftDataExplorationUITests */,
			);
		};
/* End PBXProject section */

/* Begin PBXResourcesBuildPhase section */
		C0A554F02C61CA5D00C8FA17 /* Resources */ = {
			isa = PBXResourcesBuildPhase;
			buildActionMask = 2147483647;
			files = (
				C0A554FD2C61CA5E00C8FA17 /* Preview Assets.xcassets in Resources */,
				C0A554FA2C61CA5E00C8FA17 /* Assets.xcassets in Resources */,
			);
			runOnlyForDeploymentPostprocessing = 0;
		};
		C0A555002C61CA5E00C8FA17 /* Resources */ = {
			isa = PBXResourcesBuildPhase;
			buildActionMask = 2147483647;
			files = (
			);
			runOnlyForDeploymentPostprocessing = 0;
		};
		C0A5550A2C61CA5E00C8FA17 /* Resources */ = {
			isa = PBXResourcesBuildPhase;
			buildActionMask = 2147483647;
			files = (
			);
			runOnlyForDeploymentPostprocessing = 0;
		};
/* End PBXResourcesBuildPhase section */

/* Begin PBXSourcesBuildPhase section */
		C0A554EE2C61CA5D00C8FA17 /* Sources */ = {
			isa = PBXSourcesBuildPhase;
			buildActionMask = 2147483647;
			files = (
				C0A554F82C61CA5D00C8FA17 /* ContentView.swift in Sources */,
				C0A555232C61CB5800C8FA17 /* Model1.swift in Sources */,
				C0A554F62C61CA5D00C8FA17 /* SwiftDataExplorationApp.swift in Sources */,
				C0A555202C61CA9E00C8FA17 /* ContentViewModel.swift in Sources */,
				C0A555252C61CBAD00C8FA17 /* Model2.swift in Sources */,
			);
			runOnlyForDeploymentPostprocessing = 0;
		};
		C0A554FE2C61CA5E00C8FA17 /* Sources */ = {
			isa = PBXSourcesBuildPhase;
			buildActionMask = 2147483647;
			files = (
				C0A555072C61CA5E00C8FA17 /* SwiftDataExplorationTests.swift in Sources */,
			);
			runOnlyForDeploymentPostprocessing = 0;
		};
		C0A555082C61CA5E00C8FA17 /* Sources */ = {
			isa = PBXSourcesBuildPhase;
			buildActionMask = 2147483647;
			files = (
				C0A555132C61CA5E00C8FA17 /* SwiftDataExplorationUITestsLaunchTests.swift in Sources */,
				C0A555112C61CA5E00C8FA17 /* SwiftDataExplorationUITests.swift in Sources */,
			);
			runOnlyForDeploymentPostprocessing = 0;
		};
/* End PBXSourcesBuildPhase section */

/* Begin PBXTargetDependency section */
		C0A555042C61CA5E00C8FA17 /* PBXTargetDependency */ = {
			isa = PBXTargetDependency;
			target = C0A554F12C61CA5D00C8FA17 /* SwiftDataExploration */;
			targetProxy = C0A555032C61CA5E00C8FA17 /* PBXContainerItemProxy */;
		};
		C0A5550E2C61CA5E00C8FA17 /* PBXTargetDependency */ = {
			isa = PBXTargetDependency;
			target = C0A554F12C61CA5D00C8FA17 /* SwiftDataExploration */;
			targetProxy = C0A5550D2C61CA5E00C8FA17 /* PBXContainerItemProxy */;
		};
/* End PBXTargetDependency section */

/* Begin XCBuildConfiguration section */
		C0A555142C61CA5E00C8FA17 /* Debug */ = {
			isa = XCBuildConfiguration;
			buildSettings = {
				ALWAYS_SEARCH_USER_PATHS = NO;
				ASSETCATALOG_COMPILER_GENERATE_SWIFT_ASSET_SYMBOL_EXTENSIONS = YES;
				CLANG_ANALYZER_NONNULL = YES;
				CLANG_ANALYZER_NUMBER_OBJECT_CONVERSION = YES_AGGRESSIVE;
				CLANG_CXX_LANGUAGE_STANDARD = "gnu++20";
				CLANG_ENABLE_MODULES = YES;
				CLANG_ENABLE_OBJC_ARC = YES;
				CLANG_ENABLE_OBJC_WEAK = YES;
				CLANG_WARN_BLOCK_CAPTURE_AUTORELEASING = YES;
				CLANG_WARN_BOOL_CONVERSION = YES;
				CLANG_WARN_COMMA = YES;
				CLANG_WARN_CONSTANT_CONVERSION = YES;
				CLANG_WARN_DEPRECATED_OBJC_IMPLEMENTATIONS = YES;
				CLANG_WARN_DIRECT_OBJC_ISA_USAGE = YES_ERROR;
				CLANG_WARN_DOCUMENTATION_COMMENTS = YES;
				CLANG_WARN_EMPTY_BODY = YES;
				CLANG_WARN_ENUM_CONVERSION = YES;
				CLANG_WARN_INFINITE_RECURSION = YES;
				CLANG_WARN_INT_CONVERSION = YES;
				CLANG_WARN_NON_LITERAL_NULL_CONVERSION = YES;
				CLANG_WARN_OBJC_IMPLICIT_RETAIN_SELF = YES;
				CLANG_WARN_OBJC_LITERAL_CONVERSION = YES;
				CLANG_WARN_OBJC_ROOT_CLASS = YES_ERROR;
				CLANG_WARN_QUOTED_INCLUDE_IN_FRAMEWORK_HEADER = YES;
				CLANG_WARN_RANGE_LOOP_ANALYSIS = YES;
				CLANG_WARN_STRICT_PROTOTYPES = YES;
				CLANG_WARN_SUSPICIOUS_MOVE = YES;
				CLANG_WARN_UNGUARDED_AVAILABILITY = YES_AGGRESSIVE;
				CLANG_WARN_UNREACHABLE_CODE = YES;
				CLANG_WARN__DUPLICATE_METHOD_MATCH = YES;
				COPY_PHASE_STRIP = NO;
				DEBUG_INFORMATION_FORMAT = dwarf;
				ENABLE_STRICT_OBJC_MSGSEND = YES;
				ENABLE_TESTABILITY = YES;
				ENABLE_USER_SCRIPT_SANDBOXING = YES;
				GCC_C_LANGUAGE_STANDARD = gnu17;
				GCC_DYNAMIC_NO_PIC = NO;
				GCC_NO_COMMON_BLOCKS = YES;
				GCC_OPTIMIZATION_LEVEL = 0;
				GCC_PREPROCESSOR_DEFINITIONS = (
					"DEBUG=1",
					"$(inherited)",
				);
				GCC_WARN_64_TO_32_BIT_CONVERSION = YES;
				GCC_WARN_ABOUT_RETURN_TYPE = YES_ERROR;
				GCC_WARN_UNDECLARED_SELECTOR = YES;
				GCC_WARN_UNINITIALIZED_AUTOS = YES_AGGRESSIVE;
				GCC_WARN_UNUSED_FUNCTION = YES;
				GCC_WARN_UNUSED_VARIABLE = YES;
				IPHONEOS_DEPLOYMENT_TARGET = 17.5;
				LOCALIZATION_PREFERS_STRING_CATALOGS = YES;
				MTL_ENABLE_DEBUG_INFO = INCLUDE_SOURCE;
				MTL_FAST_MATH = YES;
				ONLY_ACTIVE_ARCH = YES;
				SDKROOT = iphoneos;
				SWIFT_ACTIVE_COMPILATION_CONDITIONS = "DEBUG $(inherited)";
				SWIFT_OPTIMIZATION_LEVEL = "-Onone";
			};
			name = Debug;
		};
		C0A555152C61CA5E00C8FA17 /* Release */ = {
			isa = XCBuildConfiguration;
			buildSettings = {
				ALWAYS_SEARCH_USER_PATHS = NO;
				ASSETCATALOG_COMPILER_GENERATE_SWIFT_ASSET_SYMBOL_EXTENSIONS = YES;
				CLANG_ANALYZER_NONNULL = YES;
				CLANG_ANALYZER_NUMBER_OBJECT_CONVERSION = YES_AGGRESSIVE;
				CLANG_CXX_LANGUAGE_STANDARD = "gnu++20";
				CLANG_ENABLE_MODULES = YES;
				CLANG_ENABLE_OBJC_ARC = YES;
				CLANG_ENABLE_OBJC_WEAK = YES;
				CLANG_WARN_BLOCK_CAPTURE_AUTORELEASING = YES;
				CLANG_WARN_BOOL_CONVERSION = YES;
				CLANG_WARN_COMMA = YES;
				CLANG_WARN_CONSTANT_CONVERSION = YES;
				CLANG_WARN_DEPRECATED_OBJC_IMPLEMENTATIONS = YES;
				CLANG_WARN_DIRECT_OBJC_ISA_USAGE = YES_ERROR;
				CLANG_WARN_DOCUMENTATION_COMMENTS = YES;
				CLANG_WARN_EMPTY_BODY = YES;
				CLANG_WARN_ENUM_CONVERSION = YES;
				CLANG_WARN_INFINITE_RECURSION = YES;
				CLANG_WARN_INT_CONVERSION = YES;
				CLANG_WARN_NON_LITERAL_NULL_CONVERSION = YES;
				CLANG_WARN_OBJC_IMPLICIT_RETAIN_SELF = YES;
				CLANG_WARN_OBJC_LITERAL_CONVERSION = YES;
				CLANG_WARN_OBJC_ROOT_CLASS = YES_ERROR;
				CLANG_WARN_QUOTED_INCLUDE_IN_FRAMEWORK_HEADER = YES;
				CLANG_WARN_RANGE_LOOP_ANALYSIS = YES;
				CLANG_WARN_STRICT_PROTOTYPES = YES;
				CLANG_WARN_SUSPICIOUS_MOVE = YES;
				CLANG_WARN_UNGUARDED_AVAILABILITY = YES_AGGRESSIVE;
				CLANG_WARN_UNREACHABLE_CODE = YES;
				CLANG_WARN__DUPLICATE_METHOD_MATCH = YES;
				COPY_PHASE_STRIP = NO;
				DEBUG_INFORMATION_FORMAT = "dwarf-with-dsym";
				ENABLE_NS_ASSERTIONS = NO;
				ENABLE_STRICT_OBJC_MSGSEND = YES;
				ENABLE_USER_SCRIPT_SANDBOXING = YES;
				GCC_C_LANGUAGE_STANDARD = gnu17;
				GCC_NO_COMMON_BLOCKS = YES;
				GCC_WARN_64_TO_32_BIT_CONVERSION = YES;
				GCC_WARN_ABOUT_RETURN_TYPE = YES_ERROR;
				GCC_WARN_UNDECLARED_SELECTOR = YES;
				GCC_WARN_UNINITIALIZED_AUTOS = YES_AGGRESSIVE;
				GCC_WARN_UNUSED_FUNCTION = YES;
				GCC_WARN_UNUSED_VARIABLE = YES;
				IPHONEOS_DEPLOYMENT_TARGET = 17.5;
				LOCALIZATION_PREFERS_STRING_CATALOGS = YES;
				MTL_ENABLE_DEBUG_INFO = NO;
				MTL_FAST_MATH = YES;
				SDKROOT = iphoneos;
				SWIFT_COMPILATION_MODE = wholemodule;
				VALIDATE_PRODUCT = YES;
			};
			name = Release;
		};
		C0A555172C61CA5E00C8FA17 /* Debug */ = {
			isa = XCBuildConfiguration;
			buildSettings = {
				ASSETCATALOG_COMPILER_APPICON_NAME = AppIcon;
				ASSETCATALOG_COMPILER_GLOBAL_ACCENT_COLOR_NAME = AccentColor;
				CODE_SIGN_STYLE = Automatic;
				CURRENT_PROJECT_VERSION = 1;
				DEVELOPMENT_ASSET_PATHS = "\"SwiftDataExploration/Preview Content\"";
				ENABLE_PREVIEWS = YES;
				GENERATE_INFOPLIST_FILE = YES;
				INFOPLIST_KEY_UIApplicationSceneManifest_Generation = YES;
				INFOPLIST_KEY_UIApplicationSupportsIndirectInputEvents = YES;
				INFOPLIST_KEY_UILaunchScreen_Generation = YES;
				INFOPLIST_KEY_UISupportedInterfaceOrientations_iPad = "UIInterfaceOrientationPortrait UIInterfaceOrientationPortraitUpsideDown UIInterfaceOrientationLandscapeLeft UIInterfaceOrientationLandscapeRight";
				INFOPLIST_KEY_UISupportedInterfaceOrientations_iPhone = "UIInterfaceOrientationPortrait UIInterfaceOrientationLandscapeLeft UIInterfaceOrientationLandscapeRight";
				LD_RUNPATH_SEARCH_PATHS = (
					"$(inherited)",
					"@executable_path/Frameworks",
				);
				MARKETING_VERSION = 1.0;
				PRODUCT_BUNDLE_IDENTIFIER = Tester.SwiftDataExploration;
				PRODUCT_NAME = "$(TARGET_NAME)";
				SWIFT_EMIT_LOC_STRINGS = YES;
				SWIFT_VERSION = 5.0;
				TARGETED_DEVICE_FAMILY = "1,2";
			};
			name = Debug;
		};
		C0A555182C61CA5E00C8FA17 /* Release */ = {
			isa = XCBuildConfiguration;
			buildSettings = {
				ASSETCATALOG_COMPILER_APPICON_NAME = AppIcon;
				ASSETCATALOG_COMPILER_GLOBAL_ACCENT_COLOR_NAME = AccentColor;
				CODE_SIGN_STYLE = Automatic;
				CURRENT_PROJECT_VERSION = 1;
				DEVELOPMENT_ASSET_PATHS = "\"SwiftDataExploration/Preview Content\"";
				ENABLE_PREVIEWS = YES;
				GENERATE_INFOPLIST_FILE = YES;
				INFOPLIST_KEY_UIApplicationSceneManifest_Generation = YES;
				INFOPLIST_KEY_UIApplicationSupportsIndirectInputEvents = YES;
				INFOPLIST_KEY_UILaunchScreen_Generation = YES;
				INFOPLIST_KEY_UISupportedInterfaceOrientations_iPad = "UIInterfaceOrientationPortrait UIInterfaceOrientationPortraitUpsideDown UIInterfaceOrientationLandscapeLeft UIInterfaceOrientationLandscapeRight";
				INFOPLIST_KEY_UISupportedInterfaceOrientations_iPhone = "UIInterfaceOrientationPortrait UIInterfaceOrientationLandscapeLeft UIInterfaceOrientationLandscapeRight";
				LD_RUNPATH_SEARCH_PATHS = (
					"$(inherited)",
					"@executable_path/Frameworks",
				);
				MARKETING_VERSION = 1.0;
				PRODUCT_BUNDLE_IDENTIFIER = Tester.SwiftDataExploration;
				PRODUCT_NAME = "$(TARGET_NAME)";
				SWIFT_EMIT_LOC_STRINGS = YES;
				SWIFT_VERSION = 5.0;
				TARGETED_DEVICE_FAMILY = "1,2";
			};
			name = Release;
		};
		C0A5551A2C61CA5E00C8FA17 /* Debug */ = {
			isa = XCBuildConfiguration;
			buildSettings = {
				ALWAYS_EMBED_SWIFT_STANDARD_LIBRARIES = YES;
				BUNDLE_LOADER = "$(TEST_HOST)";
				CODE_SIGN_STYLE = Automatic;
				CURRENT_PROJECT_VERSION = 1;
				GENERATE_INFOPLIST_FILE = YES;
				IPHONEOS_DEPLOYMENT_TARGET = 17.5;
				MARKETING_VERSION = 1.0;
				PRODUCT_BUNDLE_IDENTIFIER = Tester.SwiftDataExplorationTests;
				PRODUCT_NAME = "$(TARGET_NAME)";
				SWIFT_EMIT_LOC_STRINGS = NO;
				SWIFT_VERSION = 5.0;
				TARGETED_DEVICE_FAMILY = "1,2";
				TEST_HOST = "$(BUILT_PRODUCTS_DIR)/SwiftDataExploration.app/$(BUNDLE_EXECUTABLE_FOLDER_PATH)/SwiftDataExploration";
			};
			name = Debug;
		};
		C0A5551B2C61CA5E00C8FA17 /* Release */ = {
			isa = XCBuildConfiguration;
			buildSettings = {
				ALWAYS_EMBED_SWIFT_STANDARD_LIBRARIES = YES;
				BUNDLE_LOADER = "$(TEST_HOST)";
				CODE_SIGN_STYLE = Automatic;
				CURRENT_PROJECT_VERSION = 1;
				GENERATE_INFOPLIST_FILE = YES;
				IPHONEOS_DEPLOYMENT_TARGET = 17.5;
				MARKETING_VERSION = 1.0;
				PRODUCT_BUNDLE_IDENTIFIER = Tester.SwiftDataExplorationTests;
				PRODUCT_NAME = "$(TARGET_NAME)";
				SWIFT_EMIT_LOC_STRINGS = NO;
				SWIFT_VERSION = 5.0;
				TARGETED_DEVICE_FAMILY = "1,2";
				TEST_HOST = "$(BUILT_PRODUCTS_DIR)/SwiftDataExploration.app/$(BUNDLE_EXECUTABLE_FOLDER_PATH)/SwiftDataExploration";
			};
			name = Release;
		};
		C0A5551D2C61CA5E00C8FA17 /* Debug */ = {
			isa = XCBuildConfiguration;
			buildSettings = {
				ALWAYS_EMBED_SWIFT_STANDARD_LIBRARIES = YES;
				CODE_SIGN_STYLE = Automatic;
				CURRENT_PROJECT_VERSION = 1;
				GENERATE_INFOPLIST_FILE = YES;
				MARKETING_VERSION = 1.0;
				PRODUCT_BUNDLE_IDENTIFIER = Tester.SwiftDataExplorationUITests;
				PRODUCT_NAME = "$(TARGET_NAME)";
				SWIFT_EMIT_LOC_STRINGS = NO;
				SWIFT_VERSION = 5.0;
				TARGETED_DEVICE_FAMILY = "1,2";
				TEST_TARGET_NAME = SwiftDataExploration;
			};
			name = Debug;
		};
		C0A5551E2C61CA5E00C8FA17 /* Release */ = {
			isa = XCBuildConfiguration;
			buildSettings = {
				ALWAYS_EMBED_SWIFT_STANDARD_LIBRARIES = YES;
				CODE_SIGN_STYLE = Automatic;
				CURRENT_PROJECT_VERSION = 1;
				GENERATE_INFOPLIST_FILE = YES;
				MARKETING_VERSION = 1.0;
				PRODUCT_BUNDLE_IDENTIFIER = Tester.SwiftDataExplorationUITests;
				PRODUCT_NAME = "$(TARGET_NAME)";
				SWIFT_EMIT_LOC_STRINGS = NO;
				SWIFT_VERSION = 5.0;
				TARGETED_DEVICE_FAMILY = "1,2";
				TEST_TARGET_NAME = SwiftDataExploration;
			};
			name = Release;
		};
/* End XCBuildConfiguration section */

/* Begin XCConfigurationList section */
		C0A554ED2C61CA5D00C8FA17 /* Build configuration list for PBXProject "SwiftDataExploration" */ = {
			isa = XCConfigurationList;
			buildConfigurations = (
				C0A555142C61CA5E00C8FA17 /* Debug */,
				C0A555152C61CA5E00C8FA17 /* Release */,
			);
			defaultConfigurationIsVisible = 0;
			defaultConfigurationName = Release;
		};
		C0A555162C61CA5E00C8FA17 /* Build configuration list for PBXNativeTarget "SwiftDataExploration" */ = {
			isa = XCConfigurationList;
			buildConfigurations = (
				C0A555172C61CA5E00C8FA17 /* Debug */,
				C0A555182C61CA5E00C8FA17 /* Release */,
			);
			defaultConfigurationIsVisible = 0;
			defaultConfigurationName = Release;
		};
		C0A555192C61CA5E00C8FA17 /* Build configuration list for PBXNativeTarget "SwiftDataExplorationTests" */ = {
			isa = XCConfigurationList;
			buildConfigurations = (
				C0A5551A2C61CA5E00C8FA17 /* Debug */,
				C0A5551B2C61CA5E00C8FA17 /* Release */,
			);
			defaultConfigurationIsVisible = 0;
			defaultConfigurationName = Release;
		};
		C0A5551C2C61CA5E00C8FA17 /* Build configuration list for PBXNativeTarget "SwiftDataExplorationUITests" */ = {
			isa = XCConfigurationList;
			buildConfigurations = (
				C0A5551D2C61CA5E00C8FA17 /* Debug */,
				C0A5551E2C61CA5E00C8FA17 /* Release */,
			);
			defaultConfigurationIsVisible = 0;
			defaultConfigurationName = Release;
		};
/* End XCConfigurationList section */
	};
	rootObject = C0A554EA2C61CA5D00C8FA17 /* Project object */;
}
